
Microsoft Visual Studio Solution File, Format Version 12.00
# Visual Studio Version 17
VisualStudioVersion = 17.1.31903.286
MinimumVisualStudioVersion = 10.0.40219.1
Project("{2150E333-8FDC-42A3-9474-1A3956D46DE8}") = "src", "src", "{0F7F7713-AC4A-4A09-A71F-CEE807572BFB}"
EndProject
Project("{2150E333-8FDC-42A3-9474-1A3956D46DE8}") = "tests", "tests", "{390851F5-A1D2-4727-A18E-D3139553E04D}"
EndProject
Project("{9A19103F-16F7-4668-BE54-9A1E7A4F7556}") = "Monitoring.Moex.Core", "src\Monitoring.Moex.Core\Monitoring.Moex.Core.csproj", "{35EFEDE8-73F0-4A7C-A0F6-74428D27577F}"
EndProject
Project("{9A19103F-16F7-4668-BE54-9A1E7A4F7556}") = "Monitoring.Moex.Infrastructure", "src\Monitoring.Moex.Infrastructure\Monitoring.Moex.Infrastructure.csproj", "{0F119BAB-21A0-461A-9FFA-DE2E549C4653}"
EndProject
Project("{9A19103F-16F7-4668-BE54-9A1E7A4F7556}") = "Monitoring.Moex.WebApi", "src\Monitoring.Moex.WebApi\Monitoring.Moex.WebApi.csproj", "{43614372-599B-4DCB-BA3E-63DA15784E55}"
EndProject
Project("{9A19103F-16F7-4668-BE54-9A1E7A4F7556}") = "UnitTests", "tests\UnitTests\UnitTests.csproj", "{61CAF26C-E8FA-4D9E-8E68-941A98CA8D54}"
EndProject
Global
	GlobalSection(SolutionConfigurationPlatforms) = preSolution
		Debug|Any CPU = Debug|Any CPU
		Release|Any CPU = Release|Any CPU
	EndGlobalSection
	GlobalSection(ProjectConfigurationPlatforms) = postSolution
		{35EFEDE8-73F0-4A7C-A0F6-74428D27577F}.Debug|Any CPU.ActiveCfg = Debug|Any CPU
		{35EFEDE8-73F0-4A7C-A0F6-74428D27577F}.Debug|Any CPU.Build.0 = Debug|Any CPU
		{35EFEDE8-73F0-4A7C-A0F6-74428D27577F}.Release|Any CPU.ActiveCfg = Release|Any CPU
		{35EFEDE8-73F0-4A7C-A0F6-74428D27577F}.Release|Any CPU.Build.0 = Release|Any CPU
		{0F119BAB-21A0-461A-9FFA-DE2E549C4653}.Debug|Any CPU.ActiveCfg = Debug|Any CPU
		{0F119BAB-21A0-461A-9FFA-DE2E549C4653}.Debug|Any CPU.Build.0 = Debug|Any CPU
		{0F119BAB-21A0-461A-9FFA-DE2E549C4653}.Release|Any CPU.ActiveCfg = Release|Any CPU
		{0F119BAB-21A0-461A-9FFA-DE2E549C4653}.Release|Any CPU.Build.0 = Release|Any CPU
		{43614372-599B-4DCB-BA3E-63DA15784E55}.Debug|Any CPU.ActiveCfg = Debug|Any CPU
		{43614372-599B-4DCB-BA3E-63DA15784E55}.Debug|Any CPU.Build.0 = Debug|Any CPU
		{43614372-599B-4DCB-BA3E-63DA15784E55}.Release|Any CPU.ActiveCfg = Release|Any CPU
		{43614372-599B-4DCB-BA3E-63DA15784E55}.Release|Any CPU.Build.0 = Release|Any CPU
		{61CAF26C-E8FA-4D9E-8E68-941A98CA8D54}.Debug|Any CPU.ActiveCfg = Debug|Any CPU
		{61CAF26C-E8FA-4D9E-8E68-941A98CA8D54}.Debug|Any CPU.Build.0 = Debug|Any CPU
		{61CAF26C-E8FA-4D9E-8E68-941A98CA8D54}.Release|Any CPU.ActiveCfg = Release|Any CPU
		{61CAF26C-E8FA-4D9E-8E68-941A98CA8D54}.Release|Any CPU.Build.0 = Release|Any CPU
	EndGlobalSection
	GlobalSection(SolutionProperties) = preSolution
		HideSolutionNode = FALSE
	EndGlobalSection
	GlobalSection(NestedProjects) = preSolution
		{35EFEDE8-73F0-4A7C-A0F6-74428D27577F} = {0F7F7713-AC4A-4A09-A71F-CEE807572BFB}
		{0F119BAB-21A0-461A-9FFA-DE2E549C4653} = {0F7F7713-AC4A-4A09-A71F-CEE807572BFB}
		{43614372-599B-4DCB-BA3E-63DA15784E55} = {0F7F7713-AC4A-4A09-A71F-CEE807572BFB}
		{61CAF26C-E8FA-4D9E-8E68-941A98CA8D54} = {390851F5-A1D2-4727-A18E-D3139553E04D}
	EndGlobalSection
	GlobalSection(ExtensibilityGlobals) = postSolution
		SolutionGuid = {52A05B08-B302-4D9D-92A4-B1B14A80198C}
	EndGlobalSection
EndGlobal
